
Microsoft Visual Studio Solution File, Format Version 12.00
# Visual Studio Version 17
VisualStudioVersion = 17.4.33103.184
MinimumVisualStudioVersion = 10.0.40219.1
Project("{FAE04EC0-301F-11D3-BF4B-00C04F79EFBC}") = "Domein", "Domein\Domein.csproj", "{615F416D-114A-462A-9F90-AAB73DDF780C}"
EndProject
Global
	GlobalSection(SolutionConfigurationPlatforms) = preSolution
		Debug|Any CPU = Debug|Any CPU
		Release|Any CPU = Release|Any CPU
	EndGlobalSection
	GlobalSection(ProjectConfigurationPlatforms) = postSolution
		{615F416D-114A-462A-9F90-AAB73DDF780C}.Debug|Any CPU.ActiveCfg = Debug|Any CPU
		{615F416D-114A-462A-9F90-AAB73DDF780C}.Debug|Any CPU.Build.0 = Debug|Any CPU
		{615F416D-114A-462A-9F90-AAB73DDF780C}.Release|Any CPU.ActiveCfg = Release|Any CPU
		{615F416D-114A-462A-9F90-AAB73DDF780C}.Release|Any CPU.Build.0 = Release|Any CPU
	EndGlobalSection
	GlobalSection(SolutionProperties) = preSolution
		HideSolutionNode = FALSE
	EndGlobalSection
	GlobalSection(ExtensibilityGlobals) = postSolution
		SolutionGuid = {162A568F-2EDD-41DA-8271-DF8BED286294}
	EndGlobalSection
EndGlobal
